// !$*UTF8*$!
{
	archiveVersion = 1;
	classes = {
	};
	objectVersion = 46;
	objects = {

/* Begin PBXBuildFile section */
		B4278A201B8A887500387ABD /* arrow-white@2x.png in Resources */ = {isa = PBXBuildFile; fileRef = B4278A1F1B8A887500387ABD /* arrow-white@2x.png */; };
		B4278A251B8A8A0C00387ABD /* compass@2x.png in Resources */ = {isa = PBXBuildFile; fileRef = B4278A241B8A8A0C00387ABD /* compass@2x.png */; };
		B42DE29F1B8B923700F4F936 /* Kalam-Bold.ttf in Resources */ = {isa = PBXBuildFile; fileRef = B42DE29B1B8B90D500F4F936 /* Kalam-Bold.ttf */; };
		B42DE2A01B8B923B00F4F936 /* Kalam-Regular.ttf in Resources */ = {isa = PBXBuildFile; fileRef = B42DE29D1B8B90D500F4F936 /* Kalam-Regular.ttf */; };
		B42DE2A11B8B923F00F4F936 /* Kalam-Light.ttf in Resources */ = {isa = PBXBuildFile; fileRef = B42DE29C1B8B90D500F4F936 /* Kalam-Light.ttf */; };
		B42DE2A31B8B9ED400F4F936 /* puppy-win@2x.png in Resources */ = {isa = PBXBuildFile; fileRef = B42DE2A21B8B9ED400F4F936 /* puppy-win@2x.png */; };
		B42DE2A51B8BA19300F4F936 /* puppy-fail@2x.png in Resources */ = {isa = PBXBuildFile; fileRef = B42DE2A41B8BA19300F4F936 /* puppy-fail@2x.png */; };
		D23062A61B0AF23300AB935A /* AppDelegate.swift in Sources */ = {isa = PBXBuildFile; fileRef = D23062A51B0AF23300AB935A /* AppDelegate.swift */; };
		D23062AD1B0AF23300AB935A /* Images.xcassets in Resources */ = {isa = PBXBuildFile; fileRef = D23062AC1B0AF23300AB935A /* Images.xcassets */; };
		D23062B01B0AF23300AB935A /* LaunchScreen.xib in Resources */ = {isa = PBXBuildFile; fileRef = D23062AE1B0AF23300AB935A /* LaunchScreen.xib */; };
		D23062BC1B0AF23300AB935A /* PointingTests.swift in Sources */ = {isa = PBXBuildFile; fileRef = D23062BB1B0AF23300AB935A /* PointingTests.swift */; };
		D23062CA1B0AF38500AB935A /* HomeViewController.swift in Sources */ = {isa = PBXBuildFile; fileRef = D23062C91B0AF38500AB935A /* HomeViewController.swift */; };
		D23062CE1B0AF87600AB935A /* Main.storyboard in Resources */ = {isa = PBXBuildFile; fileRef = D23062CD1B0AF87600AB935A /* Main.storyboard */; };
		D23062D01B0AF9D500AB935A /* GameViewController.swift in Sources */ = {isa = PBXBuildFile; fileRef = D23062CF1B0AF9D500AB935A /* GameViewController.swift */; };
		D23062D21B0AF9E100AB935A /* ReviewViewController.swift in Sources */ = {isa = PBXBuildFile; fileRef = D23062D11B0AF9E100AB935A /* ReviewViewController.swift */; };
		D23062E21B0B0D9B00AB935A /* Alamofire.framework in Frameworks */ = {isa = PBXBuildFile; fileRef = D23062DB1B0B0D1800AB935A /* Alamofire.framework */; };
		D23062E31B0B0D9B00AB935A /* Alamofire.framework in Embed Frameworks */ = {isa = PBXBuildFile; fileRef = D23062DB1B0B0D1800AB935A /* Alamofire.framework */; settings = {ATTRIBUTES = (CodeSignOnCopy, RemoveHeadersOnCopy, ); }; };
		D260DB521B8A6EDF00A47FAF /* app_background@2x.jpg in Resources */ = {isa = PBXBuildFile; fileRef = D260DB4B1B8A6EDF00A47FAF /* app_background@2x.jpg */; };
		D260DB531B8A6EDF00A47FAF /* done_text@2x.png in Resources */ = {isa = PBXBuildFile; fileRef = D260DB4C1B8A6EDF00A47FAF /* done_text@2x.png */; };
		D260DB541B8A6EDF00A47FAF /* menu_icon@2x.png in Resources */ = {isa = PBXBuildFile; fileRef = D260DB4D1B8A6EDF00A47FAF /* menu_icon@2x.png */; };
		D260DB551B8A6EDF00A47FAF /* next_text@2x.png in Resources */ = {isa = PBXBuildFile; fileRef = D260DB4E1B8A6EDF00A47FAF /* next_text@2x.png */; };
		D260DB571B8A6EDF00A47FAF /* splash_image@2x.png in Resources */ = {isa = PBXBuildFile; fileRef = D260DB501B8A6EDF00A47FAF /* splash_image@2x.png */; };
		D260DB581B8A6EDF00A47FAF /* there_text@2x.png in Resources */ = {isa = PBXBuildFile; fileRef = D260DB511B8A6EDF00A47FAF /* there_text@2x.png */; };
		D2789B5A1B0C5941003F4320 /* arrow_up.png in Resources */ = {isa = PBXBuildFile; fileRef = D2789B591B0C5941003F4320 /* arrow_up.png */; };
/* End PBXBuildFile section */

/* Begin PBXContainerItemProxy section */
		D23062B61B0AF23300AB935A /* PBXContainerItemProxy */ = {
			isa = PBXContainerItemProxy;
			containerPortal = D23062981B0AF23200AB935A /* Project object */;
			proxyType = 1;
			remoteGlobalIDString = D230629F1B0AF23200AB935A;
			remoteInfo = Pointing;
		};
		D23062DA1B0B0D1800AB935A /* PBXContainerItemProxy */ = {
			isa = PBXContainerItemProxy;
			containerPortal = D23062D31B0B0D1800AB935A /* Alamofire.xcodeproj */;
			proxyType = 2;
			remoteGlobalIDString = F8111E3319A95C8B0040E7D1;
			remoteInfo = "Alamofire iOS";
		};
		D23062DC1B0B0D1800AB935A /* PBXContainerItemProxy */ = {
			isa = PBXContainerItemProxy;
			containerPortal = D23062D31B0B0D1800AB935A /* Alamofire.xcodeproj */;
			proxyType = 2;
			remoteGlobalIDString = 4DD67C0B1A5C55C900ED2280;
			remoteInfo = "Alamofire OSX";
		};
		D23062DE1B0B0D1800AB935A /* PBXContainerItemProxy */ = {
			isa = PBXContainerItemProxy;
			containerPortal = D23062D31B0B0D1800AB935A /* Alamofire.xcodeproj */;
			proxyType = 2;
			remoteGlobalIDString = F8111E3E19A95C8B0040E7D1;
			remoteInfo = "Alamofire iOS Tests";
		};
		D23062E01B0B0D1800AB935A /* PBXContainerItemProxy */ = {
			isa = PBXContainerItemProxy;
			containerPortal = D23062D31B0B0D1800AB935A /* Alamofire.xcodeproj */;
			proxyType = 2;
			remoteGlobalIDString = F829C6B21A7A94F100A2CD59;
			remoteInfo = "Alamofire OSX Tests";
		};
		D23062E41B0B0D9C00AB935A /* PBXContainerItemProxy */ = {
			isa = PBXContainerItemProxy;
			containerPortal = D23062D31B0B0D1800AB935A /* Alamofire.xcodeproj */;
			proxyType = 1;
			remoteGlobalIDString = F8111E3219A95C8B0040E7D1;
			remoteInfo = "Alamofire iOS";
		};
/* End PBXContainerItemProxy section */

/* Begin PBXCopyFilesBuildPhase section */
		D23062E61B0B0D9C00AB935A /* Embed Frameworks */ = {
			isa = PBXCopyFilesBuildPhase;
			buildActionMask = 2147483647;
			dstPath = "";
			dstSubfolderSpec = 10;
			files = (
				D23062E31B0B0D9B00AB935A /* Alamofire.framework in Embed Frameworks */,
			);
			name = "Embed Frameworks";
			runOnlyForDeploymentPostprocessing = 0;
		};
/* End PBXCopyFilesBuildPhase section */

/* Begin PBXFileReference section */
		B4278A1F1B8A887500387ABD /* arrow-white@2x.png */ = {isa = PBXFileReference; lastKnownFileType = image.png; name = "arrow-white@2x.png"; path = "../../../Dropbox/Projects/Pointing/ios-assets/PSD-assets/scaled-at-200/arrow-white@2x.png"; sourceTree = "<group>"; };
		B4278A241B8A8A0C00387ABD /* compass@2x.png */ = {isa = PBXFileReference; lastKnownFileType = image.png; name = "compass@2x.png"; path = "../../../Dropbox/Projects/Pointing/ios-assets/compass/scaled-at-200/compass@2x.png"; sourceTree = "<group>"; };
		B42DE29B1B8B90D500F4F936 /* Kalam-Bold.ttf */ = {isa = PBXFileReference; lastKnownFileType = file; name = "Kalam-Bold.ttf"; path = "../../../Dropbox/Projects/Pointing/Fonts/Kalam/Kalam-Bold.ttf"; sourceTree = "<group>"; };
		B42DE29C1B8B90D500F4F936 /* Kalam-Light.ttf */ = {isa = PBXFileReference; lastKnownFileType = file; name = "Kalam-Light.ttf"; path = "../../../Dropbox/Projects/Pointing/Fonts/Kalam/Kalam-Light.ttf"; sourceTree = "<group>"; };
		B42DE29D1B8B90D500F4F936 /* Kalam-Regular.ttf */ = {isa = PBXFileReference; lastKnownFileType = file; name = "Kalam-Regular.ttf"; path = "../../../Dropbox/Projects/Pointing/Fonts/Kalam/Kalam-Regular.ttf"; sourceTree = "<group>"; };
		B42DE2A21B8B9ED400F4F936 /* puppy-win@2x.png */ = {isa = PBXFileReference; lastKnownFileType = image.png; name = "puppy-win@2x.png"; path = "../../../Dropbox/Projects/Pointing/ios-assets/puppy-win-assets/scaled-at-200/puppy-win@2x.png"; sourceTree = "<group>"; };
		B42DE2A41B8BA19300F4F936 /* puppy-fail@2x.png */ = {isa = PBXFileReference; lastKnownFileType = image.png; name = "puppy-fail@2x.png"; path = "../../../Dropbox/Projects/Pointing/ios-assets/puppy-fail-assets/scaled-at-200/puppy-fail@2x.png"; sourceTree = "<group>"; };
		D23062A01B0AF23200AB935A /* Pointing.app */ = {isa = PBXFileReference; explicitFileType = wrapper.application; includeInIndex = 0; path = Pointing.app; sourceTree = BUILT_PRODUCTS_DIR; };
		D23062A41B0AF23300AB935A /* Info.plist */ = {isa = PBXFileReference; lastKnownFileType = text.plist.xml; path = Info.plist; sourceTree = "<group>"; };
		D23062A51B0AF23300AB935A /* AppDelegate.swift */ = {isa = PBXFileReference; lastKnownFileType = sourcecode.swift; path = AppDelegate.swift; sourceTree = "<group>"; };
		D23062AC1B0AF23300AB935A /* Images.xcassets */ = {isa = PBXFileReference; lastKnownFileType = folder.assetcatalog; path = Images.xcassets; sourceTree = "<group>"; };
		D23062AF1B0AF23300AB935A /* Base */ = {isa = PBXFileReference; lastKnownFileType = file.xib; name = Base; path = Base.lproj/LaunchScreen.xib; sourceTree = "<group>"; };
		D23062B51B0AF23300AB935A /* PointingTests.xctest */ = {isa = PBXFileReference; explicitFileType = wrapper.cfbundle; includeInIndex = 0; path = PointingTests.xctest; sourceTree = BUILT_PRODUCTS_DIR; };
		D23062BA1B0AF23300AB935A /* Info.plist */ = {isa = PBXFileReference; lastKnownFileType = text.plist.xml; path = Info.plist; sourceTree = "<group>"; };
		D23062BB1B0AF23300AB935A /* PointingTests.swift */ = {isa = PBXFileReference; lastKnownFileType = sourcecode.swift; path = PointingTests.swift; sourceTree = "<group>"; };
		D23062C91B0AF38500AB935A /* HomeViewController.swift */ = {isa = PBXFileReference; fileEncoding = 4; lastKnownFileType = sourcecode.swift; path = HomeViewController.swift; sourceTree = "<group>"; };
		D23062CD1B0AF87600AB935A /* Main.storyboard */ = {isa = PBXFileReference; fileEncoding = 4; lastKnownFileType = file.storyboard; path = Main.storyboard; sourceTree = "<group>"; };
		D23062CF1B0AF9D500AB935A /* GameViewController.swift */ = {isa = PBXFileReference; fileEncoding = 4; lastKnownFileType = sourcecode.swift; path = GameViewController.swift; sourceTree = "<group>"; };
		D23062D11B0AF9E100AB935A /* ReviewViewController.swift */ = {isa = PBXFileReference; fileEncoding = 4; lastKnownFileType = sourcecode.swift; path = ReviewViewController.swift; sourceTree = "<group>"; };
		D23062D31B0B0D1800AB935A /* Alamofire.xcodeproj */ = {isa = PBXFileReference; lastKnownFileType = "wrapper.pb-project"; name = Alamofire.xcodeproj; path = Alamofire/Alamofire.xcodeproj; sourceTree = "<group>"; };
		D260DB4B1B8A6EDF00A47FAF /* app_background@2x.jpg */ = {isa = PBXFileReference; lastKnownFileType = image.jpeg; path = "app_background@2x.jpg"; sourceTree = "<group>"; };
		D260DB4C1B8A6EDF00A47FAF /* done_text@2x.png */ = {isa = PBXFileReference; lastKnownFileType = image.png; path = "done_text@2x.png"; sourceTree = "<group>"; };
		D260DB4D1B8A6EDF00A47FAF /* menu_icon@2x.png */ = {isa = PBXFileReference; lastKnownFileType = image.png; path = "menu_icon@2x.png"; sourceTree = "<group>"; };
		D260DB4E1B8A6EDF00A47FAF /* next_text@2x.png */ = {isa = PBXFileReference; lastKnownFileType = image.png; path = "next_text@2x.png"; sourceTree = "<group>"; };
		D260DB501B8A6EDF00A47FAF /* splash_image@2x.png */ = {isa = PBXFileReference; lastKnownFileType = image.png; path = "splash_image@2x.png"; sourceTree = "<group>"; };
		D260DB511B8A6EDF00A47FAF /* there_text@2x.png */ = {isa = PBXFileReference; lastKnownFileType = image.png; path = "there_text@2x.png"; sourceTree = "<group>"; };
		D2789B591B0C5941003F4320 /* arrow_up.png */ = {isa = PBXFileReference; lastKnownFileType = image.png; path = arrow_up.png; sourceTree = "<group>"; };
/* End PBXFileReference section */

/* Begin PBXFrameworksBuildPhase section */
		D230629D1B0AF23200AB935A /* Frameworks */ = {
			isa = PBXFrameworksBuildPhase;
			buildActionMask = 2147483647;
			files = (
				D23062E21B0B0D9B00AB935A /* Alamofire.framework in Frameworks */,
			);
			runOnlyForDeploymentPostprocessing = 0;
		};
		D23062B21B0AF23300AB935A /* Frameworks */ = {
			isa = PBXFrameworksBuildPhase;
			buildActionMask = 2147483647;
			files = (
			);
			runOnlyForDeploymentPostprocessing = 0;
		};
/* End PBXFrameworksBuildPhase section */

/* Begin PBXGroup section */
		B42DE29E1B8B90E100F4F936 /* Fonts */ = {
			isa = PBXGroup;
			children = (
				B42DE29B1B8B90D500F4F936 /* Kalam-Bold.ttf */,
				B42DE29C1B8B90D500F4F936 /* Kalam-Light.ttf */,
				B42DE29D1B8B90D500F4F936 /* Kalam-Regular.ttf */,
			);
			name = Fonts;
			sourceTree = "<group>";
		};
		D23062971B0AF23200AB935A = {
			isa = PBXGroup;
			children = (
				D23062A21B0AF23200AB935A /* Pointing */,
				D23062B81B0AF23300AB935A /* PointingTests */,
				D23062A11B0AF23200AB935A /* Products */,
				D23062D31B0B0D1800AB935A /* Alamofire.xcodeproj */,
			);
			sourceTree = "<group>";
		};
		D23062A11B0AF23200AB935A /* Products */ = {
			isa = PBXGroup;
			children = (
				D23062A01B0AF23200AB935A /* Pointing.app */,
				D23062B51B0AF23300AB935A /* PointingTests.xctest */,
			);
			name = Products;
			sourceTree = "<group>";
		};
		D23062A21B0AF23200AB935A /* Pointing */ = {
			isa = PBXGroup;
			children = (
				D2789B531B0C58FD003F4320 /* Images */,
				D23062C51B0AF2F500AB935A /* ViewControllers */,
				D23062A51B0AF23300AB935A /* AppDelegate.swift */,
				D23062AC1B0AF23300AB935A /* Images.xcassets */,
				D23062AE1B0AF23300AB935A /* LaunchScreen.xib */,
				D23062CD1B0AF87600AB935A /* Main.storyboard */,
				D23062A31B0AF23300AB935A /* Supporting Files */,
			);
			path = Pointing;
			sourceTree = "<group>";
		};
		D23062A31B0AF23300AB935A /* Supporting Files */ = {
			isa = PBXGroup;
			children = (
				B42DE29E1B8B90E100F4F936 /* Fonts */,
				D23062A41B0AF23300AB935A /* Info.plist */,
			);
			name = "Supporting Files";
			sourceTree = "<group>";
		};
		D23062B81B0AF23300AB935A /* PointingTests */ = {
			isa = PBXGroup;
			children = (
				D23062BB1B0AF23300AB935A /* PointingTests.swift */,
				D23062B91B0AF23300AB935A /* Supporting Files */,
			);
			path = PointingTests;
			sourceTree = "<group>";
		};
		D23062B91B0AF23300AB935A /* Supporting Files */ = {
			isa = PBXGroup;
			children = (
				D23062BA1B0AF23300AB935A /* Info.plist */,
			);
			name = "Supporting Files";
			sourceTree = "<group>";
		};
		D23062C51B0AF2F500AB935A /* ViewControllers */ = {
			isa = PBXGroup;
			children = (
				D23062C91B0AF38500AB935A /* HomeViewController.swift */,
				D23062CF1B0AF9D500AB935A /* GameViewController.swift */,
				D23062D11B0AF9E100AB935A /* ReviewViewController.swift */,
			);
			name = ViewControllers;
			sourceTree = "<group>";
		};
		D23062D41B0B0D1800AB935A /* Products */ = {
			isa = PBXGroup;
			children = (
				D23062DB1B0B0D1800AB935A /* Alamofire.framework */,
				D23062DD1B0B0D1800AB935A /* Alamofire.framework */,
				D23062DF1B0B0D1800AB935A /* Alamofire iOS Tests.xctest */,
				D23062E11B0B0D1800AB935A /* Alamofire OSX Tests.xctest */,
			);
			name = Products;
			sourceTree = "<group>";
		};
		D2789B531B0C58FD003F4320 /* Images */ = {
			isa = PBXGroup;
			children = (
				D260DB4B1B8A6EDF00A47FAF /* app_background@2x.jpg */,
				D260DB4C1B8A6EDF00A47FAF /* done_text@2x.png */,
				D260DB4D1B8A6EDF00A47FAF /* menu_icon@2x.png */,
				B42DE2A21B8B9ED400F4F936 /* puppy-win@2x.png */,
				B42DE2A41B8BA19300F4F936 /* puppy-fail@2x.png */,
				D260DB4E1B8A6EDF00A47FAF /* next_text@2x.png */,
				B4278A1F1B8A887500387ABD /* arrow-white@2x.png */,
				B4278A241B8A8A0C00387ABD /* compass@2x.png */,
				D260DB501B8A6EDF00A47FAF /* splash_image@2x.png */,
				D260DB511B8A6EDF00A47FAF /* there_text@2x.png */,
				D2789B591B0C5941003F4320 /* arrow_up.png */,
			);
			name = Images;
			sourceTree = "<group>";
		};
/* End PBXGroup section */

/* Begin PBXNativeTarget section */
		D230629F1B0AF23200AB935A /* Pointing */ = {
			isa = PBXNativeTarget;
			buildConfigurationList = D23062BF1B0AF23300AB935A /* Build configuration list for PBXNativeTarget "Pointing" */;
			buildPhases = (
				D230629C1B0AF23200AB935A /* Sources */,
				D230629D1B0AF23200AB935A /* Frameworks */,
				D230629E1B0AF23200AB935A /* Resources */,
				D23062E61B0B0D9C00AB935A /* Embed Frameworks */,
			);
			buildRules = (
			);
			dependencies = (
				D23062E51B0B0D9C00AB935A /* PBXTargetDependency */,
			);
			name = Pointing;
			productName = Pointing;
			productReference = D23062A01B0AF23200AB935A /* Pointing.app */;
			productType = "com.apple.product-type.application";
		};
		D23062B41B0AF23300AB935A /* PointingTests */ = {
			isa = PBXNativeTarget;
			buildConfigurationList = D23062C21B0AF23300AB935A /* Build configuration list for PBXNativeTarget "PointingTests" */;
			buildPhases = (
				D23062B11B0AF23300AB935A /* Sources */,
				D23062B21B0AF23300AB935A /* Frameworks */,
				D23062B31B0AF23300AB935A /* Resources */,
			);
			buildRules = (
			);
			dependencies = (
				D23062B71B0AF23300AB935A /* PBXTargetDependency */,
			);
			name = PointingTests;
			productName = PointingTests;
			productReference = D23062B51B0AF23300AB935A /* PointingTests.xctest */;
			productType = "com.apple.product-type.bundle.unit-test";
		};
/* End PBXNativeTarget section */

/* Begin PBXProject section */
		D23062981B0AF23200AB935A /* Project object */ = {
			isa = PBXProject;
			attributes = {
				LastUpgradeCheck = 0630;
				ORGANIZATIONNAME = "Upper Left Labs";
				TargetAttributes = {
					D230629F1B0AF23200AB935A = {
						CreatedOnToolsVersion = 6.3.1;
					};
					D23062B41B0AF23300AB935A = {
						CreatedOnToolsVersion = 6.3.1;
						TestTargetID = D230629F1B0AF23200AB935A;
					};
				};
			};
			buildConfigurationList = D230629B1B0AF23200AB935A /* Build configuration list for PBXProject "Pointing" */;
			compatibilityVersion = "Xcode 3.2";
			developmentRegion = English;
			hasScannedForEncodings = 0;
			knownRegions = (
				en,
				Base,
			);
			mainGroup = D23062971B0AF23200AB935A;
			productRefGroup = D23062A11B0AF23200AB935A /* Products */;
			projectDirPath = "";
			projectReferences = (
				{
					ProductGroup = D23062D41B0B0D1800AB935A /* Products */;
					ProjectRef = D23062D31B0B0D1800AB935A /* Alamofire.xcodeproj */;
				},
			);
			projectRoot = "";
			targets = (
				D230629F1B0AF23200AB935A /* Pointing */,
				D23062B41B0AF23300AB935A /* PointingTests */,
			);
		};
/* End PBXProject section */

/* Begin PBXReferenceProxy section */
		D23062DB1B0B0D1800AB935A /* Alamofire.framework */ = {
			isa = PBXReferenceProxy;
			fileType = wrapper.framework;
			path = Alamofire.framework;
			remoteRef = D23062DA1B0B0D1800AB935A /* PBXContainerItemProxy */;
			sourceTree = BUILT_PRODUCTS_DIR;
		};
		D23062DD1B0B0D1800AB935A /* Alamofire.framework */ = {
			isa = PBXReferenceProxy;
			fileType = wrapper.framework;
			path = Alamofire.framework;
			remoteRef = D23062DC1B0B0D1800AB935A /* PBXContainerItemProxy */;
			sourceTree = BUILT_PRODUCTS_DIR;
		};
		D23062DF1B0B0D1800AB935A /* Alamofire iOS Tests.xctest */ = {
			isa = PBXReferenceProxy;
			fileType = wrapper.cfbundle;
			path = "Alamofire iOS Tests.xctest";
			remoteRef = D23062DE1B0B0D1800AB935A /* PBXContainerItemProxy */;
			sourceTree = BUILT_PRODUCTS_DIR;
		};
		D23062E11B0B0D1800AB935A /* Alamofire OSX Tests.xctest */ = {
			isa = PBXReferenceProxy;
			fileType = wrapper.cfbundle;
			path = "Alamofire OSX Tests.xctest";
			remoteRef = D23062E01B0B0D1800AB935A /* PBXContainerItemProxy */;
			sourceTree = BUILT_PRODUCTS_DIR;
		};
/* End PBXReferenceProxy section */

/* Begin PBXResourcesBuildPhase section */
		D230629E1B0AF23200AB935A /* Resources */ = {
			isa = PBXResourcesBuildPhase;
			buildActionMask = 2147483647;
			files = (
				D260DB581B8A6EDF00A47FAF /* there_text@2x.png in Resources */,
				D260DB551B8A6EDF00A47FAF /* next_text@2x.png in Resources */,
				D260DB571B8A6EDF00A47FAF /* splash_image@2x.png in Resources */,
				D260DB521B8A6EDF00A47FAF /* app_background@2x.jpg in Resources */,
				B4278A251B8A8A0C00387ABD /* compass@2x.png in Resources */,
				B4278A201B8A887500387ABD /* arrow-white@2x.png in Resources */,
				B42DE2A31B8B9ED400F4F936 /* puppy-win@2x.png in Resources */,
				B42DE2A11B8B923F00F4F936 /* Kalam-Light.ttf in Resources */,
				B42DE2A51B8BA19300F4F936 /* puppy-fail@2x.png in Resources */,
				B42DE2A01B8B923B00F4F936 /* Kalam-Regular.ttf in Resources */,
				D23062CE1B0AF87600AB935A /* Main.storyboard in Resources */,
				D23062B01B0AF23300AB935A /* LaunchScreen.xib in Resources */,
				D260DB541B8A6EDF00A47FAF /* menu_icon@2x.png in Resources */,
				B42DE29F1B8B923700F4F936 /* Kalam-Bold.ttf in Resources */,
				D260DB531B8A6EDF00A47FAF /* done_text@2x.png in Resources */,
				D2789B5A1B0C5941003F4320 /* arrow_up.png in Resources */,
				D23062AD1B0AF23300AB935A /* Images.xcassets in Resources */,
			);
			runOnlyForDeploymentPostprocessing = 0;
		};
		D23062B31B0AF23300AB935A /* Resources */ = {
			isa = PBXResourcesBuildPhase;
			buildActionMask = 2147483647;
			files = (
			);
			runOnlyForDeploymentPostprocessing = 0;
		};
/* End PBXResourcesBuildPhase section */

/* Begin PBXSourcesBuildPhase section */
		D230629C1B0AF23200AB935A /* Sources */ = {
			isa = PBXSourcesBuildPhase;
			buildActionMask = 2147483647;
			files = (
				D23062A61B0AF23300AB935A /* AppDelegate.swift in Sources */,
				D23062D01B0AF9D500AB935A /* GameViewController.swift in Sources */,
				D23062D21B0AF9E100AB935A /* ReviewViewController.swift in Sources */,
				D23062CA1B0AF38500AB935A /* HomeViewController.swift in Sources */,
			);
			runOnlyForDeploymentPostprocessing = 0;
		};
		D23062B11B0AF23300AB935A /* Sources */ = {
			isa = PBXSourcesBuildPhase;
			buildActionMask = 2147483647;
			files = (
				D23062BC1B0AF23300AB935A /* PointingTests.swift in Sources */,
			);
			runOnlyForDeploymentPostprocessing = 0;
		};
/* End PBXSourcesBuildPhase section */

/* Begin PBXTargetDependency section */
		D23062B71B0AF23300AB935A /* PBXTargetDependency */ = {
			isa = PBXTargetDependency;
			target = D230629F1B0AF23200AB935A /* Pointing */;
			targetProxy = D23062B61B0AF23300AB935A /* PBXContainerItemProxy */;
		};
		D23062E51B0B0D9C00AB935A /* PBXTargetDependency */ = {
			isa = PBXTargetDependency;
			name = "Alamofire iOS";
			targetProxy = D23062E41B0B0D9C00AB935A /* PBXContainerItemProxy */;
		};
/* End PBXTargetDependency section */

/* Begin PBXVariantGroup section */
		D23062AE1B0AF23300AB935A /* LaunchScreen.xib */ = {
			isa = PBXVariantGroup;
			children = (
				D23062AF1B0AF23300AB935A /* Base */,
			);
			name = LaunchScreen.xib;
			sourceTree = "<group>";
		};
/* End PBXVariantGroup section */

/* Begin XCBuildConfiguration section */
		D23062BD1B0AF23300AB935A /* Debug */ = {
			isa = XCBuildConfiguration;
			buildSettings = {
				ALWAYS_SEARCH_USER_PATHS = NO;
				CLANG_CXX_LANGUAGE_STANDARD = "gnu++0x";
				CLANG_CXX_LIBRARY = "libc++";
				CLANG_ENABLE_MODULES = YES;
				CLANG_ENABLE_OBJC_ARC = YES;
				CLANG_WARN_BOOL_CONVERSION = YES;
				CLANG_WARN_CONSTANT_CONVERSION = YES;
				CLANG_WARN_DIRECT_OBJC_ISA_USAGE = YES_ERROR;
				CLANG_WARN_EMPTY_BODY = YES;
				CLANG_WARN_ENUM_CONVERSION = YES;
				CLANG_WARN_INT_CONVERSION = YES;
				CLANG_WARN_OBJC_ROOT_CLASS = YES_ERROR;
				CLANG_WARN_UNREACHABLE_CODE = YES;
				CLANG_WARN__DUPLICATE_METHOD_MATCH = YES;
				"CODE_SIGN_IDENTITY[sdk=iphoneos*]" = "iPhone Developer";
				COPY_PHASE_STRIP = NO;
				DEBUG_INFORMATION_FORMAT = "dwarf-with-dsym";
				ENABLE_STRICT_OBJC_MSGSEND = YES;
				GCC_C_LANGUAGE_STANDARD = gnu99;
				GCC_DYNAMIC_NO_PIC = NO;
				GCC_NO_COMMON_BLOCKS = YES;
				GCC_OPTIMIZATION_LEVEL = 0;
				GCC_PREPROCESSOR_DEFINITIONS = (
					"DEBUG=1",
					"$(inherited)",
				);
				GCC_SYMBOLS_PRIVATE_EXTERN = NO;
				GCC_WARN_64_TO_32_BIT_CONVERSION = YES;
				GCC_WARN_ABOUT_RETURN_TYPE = YES_ERROR;
				GCC_WARN_UNDECLARED_SELECTOR = YES;
				GCC_WARN_UNINITIALIZED_AUTOS = YES_AGGRESSIVE;
				GCC_WARN_UNUSED_FUNCTION = YES;
				GCC_WARN_UNUSED_VARIABLE = YES;
				IPHONEOS_DEPLOYMENT_TARGET = 8.3;
				MTL_ENABLE_DEBUG_INFO = YES;
				ONLY_ACTIVE_ARCH = YES;
				SDKROOT = iphoneos;
				SWIFT_OPTIMIZATION_LEVEL = "-Onone";
				TARGETED_DEVICE_FAMILY = "1,2";
			};
			name = Debug;
		};
		D23062BE1B0AF23300AB935A /* Release */ = {
			isa = XCBuildConfiguration;
			buildSettings = {
				ALWAYS_SEARCH_USER_PATHS = NO;
				CLANG_CXX_LANGUAGE_STANDARD = "gnu++0x";
				CLANG_CXX_LIBRARY = "libc++";
				CLANG_ENABLE_MODULES = YES;
				CLANG_ENABLE_OBJC_ARC = YES;
				CLANG_WARN_BOOL_CONVERSION = YES;
				CLANG_WARN_CONSTANT_CONVERSION = YES;
				CLANG_WARN_DIRECT_OBJC_ISA_USAGE = YES_ERROR;
				CLANG_WARN_EMPTY_BODY = YES;
				CLANG_WARN_ENUM_CONVERSION = YES;
				CLANG_WARN_INT_CONVERSION = YES;
				CLANG_WARN_OBJC_ROOT_CLASS = YES_ERROR;
				CLANG_WARN_UNREACHABLE_CODE = YES;
				CLANG_WARN__DUPLICATE_METHOD_MATCH = YES;
				"CODE_SIGN_IDENTITY[sdk=iphoneos*]" = "iPhone Developer";
				COPY_PHASE_STRIP = NO;
				DEBUG_INFORMATION_FORMAT = "dwarf-with-dsym";
				ENABLE_NS_ASSERTIONS = NO;
				ENABLE_STRICT_OBJC_MSGSEND = YES;
				GCC_C_LANGUAGE_STANDARD = gnu99;
				GCC_NO_COMMON_BLOCKS = YES;
				GCC_WARN_64_TO_32_BIT_CONVERSION = YES;
				GCC_WARN_ABOUT_RETURN_TYPE = YES_ERROR;
				GCC_WARN_UNDECLARED_SELECTOR = YES;
				GCC_WARN_UNINITIALIZED_AUTOS = YES_AGGRESSIVE;
				GCC_WARN_UNUSED_FUNCTION = YES;
				GCC_WARN_UNUSED_VARIABLE = YES;
				IPHONEOS_DEPLOYMENT_TARGET = 8.3;
				MTL_ENABLE_DEBUG_INFO = NO;
				SDKROOT = iphoneos;
				TARGETED_DEVICE_FAMILY = "1,2";
				VALIDATE_PRODUCT = YES;
			};
			name = Release;
		};
		D23062C01B0AF23300AB935A /* Debug */ = {
			isa = XCBuildConfiguration;
			buildSettings = {
				ASSETCATALOG_COMPILER_APPICON_NAME = AppIcon;
				INFOPLIST_FILE = Pointing/Info.plist;
				LD_RUNPATH_SEARCH_PATHS = "$(inherited) @executable_path/Frameworks";
				PRODUCT_NAME = "$(TARGET_NAME)";
			};
			name = Debug;
		};
		D23062C11B0AF23300AB935A /* Release */ = {
			isa = XCBuildConfiguration;
			buildSettings = {
				ASSETCATALOG_COMPILER_APPICON_NAME = AppIcon;
				INFOPLIST_FILE = Pointing/Info.plist;
				LD_RUNPATH_SEARCH_PATHS = "$(inherited) @executable_path/Frameworks";
				PRODUCT_NAME = "$(TARGET_NAME)";
			};
			name = Release;
		};
		D23062C31B0AF23300AB935A /* Debug */ = {
			isa = XCBuildConfiguration;
			buildSettings = {
				BUNDLE_LOADER = "$(TEST_HOST)";
				FRAMEWORK_SEARCH_PATHS = (
					"$(SDKROOT)/Developer/Library/Frameworks",
					"$(inherited)",
				);
				GCC_PREPROCESSOR_DEFINITIONS = (
					"DEBUG=1",
					"$(inherited)",
				);
				INFOPLIST_FILE = PointingTests/Info.plist;
				LD_RUNPATH_SEARCH_PATHS = "$(inherited) @executable_path/Frameworks @loader_path/Frameworks";
				PRODUCT_NAME = "$(TARGET_NAME)";
				TEST_HOST = "$(BUILT_PRODUCTS_DIR)/Pointing.app/Pointing";
			};
			name = Debug;
		};
		D23062C41B0AF23300AB935A /* Release */ = {
			isa = XCBuildConfiguration;
			buildSettings = {
				BUNDLE_LOADER = "$(TEST_HOST)";
				FRAMEWORK_SEARCH_PATHS = (
					"$(SDKROOT)/Developer/Library/Frameworks",
					"$(inherited)",
				);
				INFOPLIST_FILE = PointingTests/Info.plist;
				LD_RUNPATH_SEARCH_PATHS = "$(inherited) @executable_path/Frameworks @loader_path/Frameworks";
				PRODUCT_NAME = "$(TARGET_NAME)";
				TEST_HOST = "$(BUILT_PRODUCTS_DIR)/Pointing.app/Pointing";
			};
			name = Release;
		};
/* End XCBuildConfiguration section */

/* Begin XCConfigurationList section */
		D230629B1B0AF23200AB935A /* Build configuration list for PBXProject "Pointing" */ = {
			isa = XCConfigurationList;
			buildConfigurations = (
				D23062BD1B0AF23300AB935A /* Debug */,
				D23062BE1B0AF23300AB935A /* Release */,
			);
			defaultConfigurationIsVisible = 0;
			defaultConfigurationName = Release;
		};
		D23062BF1B0AF23300AB935A /* Build configuration list for PBXNativeTarget "Pointing" */ = {
			isa = XCConfigurationList;
			buildConfigurations = (
				D23062C01B0AF23300AB935A /* Debug */,
				D23062C11B0AF23300AB935A /* Release */,
			);
			defaultConfigurationIsVisible = 0;
			defaultConfigurationName = Release;
		};
		D23062C21B0AF23300AB935A /* Build configuration list for PBXNativeTarget "PointingTests" */ = {
			isa = XCConfigurationList;
			buildConfigurations = (
				D23062C31B0AF23300AB935A /* Debug */,
				D23062C41B0AF23300AB935A /* Release */,
			);
			defaultConfigurationIsVisible = 0;
			defaultConfigurationName = Release;
		};
/* End XCConfigurationList section */
	};
	rootObject = D23062981B0AF23200AB935A /* Project object */;
}
